
Microsoft Visual Studio Solution File, Format Version 12.00
# Visual Studio Version 17
VisualStudioVersion = 17.8.34525.116
MinimumVisualStudioVersion = 10.0.40219.1
Project("{FAE04EC0-301F-11D3-BF4B-00C04F79EFBC}") = "Web API test", "Web API test.csproj", "{6B4CDD50-AC7A-4AF4-B77E-8EBC6D32C97D}"
EndProject
Global
	GlobalSection(SolutionConfigurationPlatforms) = preSolution
		Debug|Any CPU = Debug|Any CPU
		Release|Any CPU = Release|Any CPU
	EndGlobalSection
	GlobalSection(ProjectConfigurationPlatforms) = postSolution
		{6B4CDD50-AC7A-4AF4-B77E-8EBC6D32C97D}.Debug|Any CPU.ActiveCfg = Debug|Any CPU
		{6B4CDD50-AC7A-4AF4-B77E-8EBC6D32C97D}.Debug|Any CPU.Build.0 = Debug|Any CPU
		{6B4CDD50-AC7A-4AF4-B77E-8EBC6D32C97D}.Release|Any CPU.ActiveCfg = Release|Any CPU
		{6B4CDD50-AC7A-4AF4-B77E-8EBC6D32C97D}.Release|Any CPU.Build.0 = Release|Any CPU
	EndGlobalSection
	GlobalSection(SolutionProperties) = preSolution
		HideSolutionNode = FALSE
	EndGlobalSection
	GlobalSection(ExtensibilityGlobals) = postSolution
		SolutionGuid = {5F380E27-3DA6-4A3D-A9C2-82A6B5BF049C}
	EndGlobalSection
EndGlobal
